
Microsoft Visual Studio Solution File, Format Version 12.00
# Visual Studio 2012
Project("{F184B08F-C81C-45F6-A57F-5ABD9991F28F}") = "SN37016814Assigment1", "SN37016814Assigment1\SN37016814Assigment1.vbproj", "{99BC2BA8-B36F-4584-A095-63AD1F209F89}"
EndProject
Global
	GlobalSection(SolutionConfigurationPlatforms) = preSolution
		Debug|Any CPU = Debug|Any CPU
		Release|Any CPU = Release|Any CPU
	EndGlobalSection
	GlobalSection(ProjectConfigurationPlatforms) = postSolution
		{99BC2BA8-B36F-4584-A095-63AD1F209F89}.Debug|Any CPU.ActiveCfg = Debug|Any CPU
		{99BC2BA8-B36F-4584-A095-63AD1F209F89}.Debug|Any CPU.Build.0 = Debug|Any CPU
		{99BC2BA8-B36F-4584-A095-63AD1F209F89}.Release|Any CPU.ActiveCfg = Release|Any CPU
		{99BC2BA8-B36F-4584-A095-63AD1F209F89}.Release|Any CPU.Build.0 = Release|Any CPU
	EndGlobalSection
	GlobalSection(SolutionProperties) = preSolution
		HideSolutionNode = FALSE
	EndGlobalSection
EndGlobal
